{
  "name": "react-fancy-hooks",
  "version": "0.3.10",
  "lockfileVersion": 1,
  "requires": true,
  "dependencies": {
    "@babel/runtime": {
      "version": "7.12.13",
      "resolved": "https://registry.npmjs.org/@babel/runtime/-/runtime-7.12.13.tgz",
      "integrity": "sha512-8+3UMPBrjFa/6TtKi/7sehPKqfAm4g6K+YQjyyFOLUTxzOngcRZTlAVY8sc2CORJYqdHQY8gRPHmn+qo15rCBw==",
      "dev": true,
      "requires": {
        "regenerator-runtime": "^0.13.4"
      }
    },
    "@testing-library/react-hooks": {
      "version": "5.0.3",
      "resolved": "https://registry.npmjs.org/@testing-library/react-hooks/-/react-hooks-5.0.3.tgz",
      "integrity": "sha512-UrnnRc5II7LMH14xsYNm/WRch/67cBafmrSQcyFh0v+UUmSf1uzfB7zn5jQXSettGwOSxJwdQUN7PgkT0w22Lg==",
      "dev": true,
      "requires": {
        "@babel/runtime": "^7.12.5",
        "@types/react": ">=16.9.0",
        "@types/react-dom": ">=16.9.0",
        "@types/react-test-renderer": ">=16.9.0",
        "filter-console": "^0.1.1",
        "react-error-boundary": "^3.1.0"
      },
      "dependencies": {
        "@types/react": {
          "version": "17.0.1",
          "resolved": "https://registry.npmjs.org/@types/react/-/react-17.0.1.tgz",
          "integrity": "sha512-w8t9f53B2ei4jeOqf/gxtc2Sswnc3LBK5s0DyJcg5xd10tMHXts2N31cKjWfH9IC/JvEPa/YF1U4YeP1t4R6HQ==",
          "dev": true,
          "requires": {
            "@types/prop-types": "*",
            "csstype": "^3.0.2"
          }
        }
      }
    },
    "@types/prop-types": {
      "version": "15.7.3",
      "resolved": "https://registry.npmjs.org/@types/prop-types/-/prop-types-15.7.3.tgz",
      "integrity": "sha512-KfRL3PuHmqQLOG+2tGpRO26Ctg+Cq1E01D2DMriKEATHgWLfeNDmq9e29Q9WIky0dQ3NPkd1mzYH8Lm936Z9qw==",
      "dev": true
    },
    "@types/react-dom": {
      "version": "17.0.0",
      "resolved": "https://registry.npmjs.org/@types/react-dom/-/react-dom-17.0.0.tgz",
      "integrity": "sha512-lUqY7OlkF/RbNtD5nIq7ot8NquXrdFrjSOR6+w9a9RFQevGi1oZO1dcJbXMeONAPKtZ2UrZOEJ5UOCVsxbLk/g==",
      "dev": true,
      "requires": {
        "@types/react": "*"
      },
      "dependencies": {
        "@types/react": {
          "version": "17.0.1",
          "resolved": "https://registry.npmjs.org/@types/react/-/react-17.0.1.tgz",
          "integrity": "sha512-w8t9f53B2ei4jeOqf/gxtc2Sswnc3LBK5s0DyJcg5xd10tMHXts2N31cKjWfH9IC/JvEPa/YF1U4YeP1t4R6HQ==",
          "dev": true,
          "requires": {
            "@types/prop-types": "*",
            "csstype": "^3.0.2"
          }
        }
      }
    },
    "@types/react-test-renderer": {
      "version": "17.0.0",
      "resolved": "https://registry.npmjs.org/@types/react-test-renderer/-/react-test-renderer-17.0.0.tgz",
      "integrity": "sha512-nvw+F81OmyzpyIE1S0xWpLonLUZCMewslPuA8BtjSKc5XEbn8zEQBXS7KuOLHTNnSOEM2Pum50gHOoZ62tqTRg==",
      "dev": true,
      "requires": {
        "@types/react": "*"
      },
      "dependencies": {
        "@types/react": {
          "version": "17.0.1",
          "resolved": "https://registry.npmjs.org/@types/react/-/react-17.0.1.tgz",
          "integrity": "sha512-w8t9f53B2ei4jeOqf/gxtc2Sswnc3LBK5s0DyJcg5xd10tMHXts2N31cKjWfH9IC/JvEPa/YF1U4YeP1t4R6HQ==",
          "dev": true,
          "requires": {
            "@types/prop-types": "*",
            "csstype": "^3.0.2"
          }
        }
      }
    },
    "csstype": {
      "version": "3.0.6",
      "resolved": "https://registry.npmjs.org/csstype/-/csstype-3.0.6.tgz",
      "integrity": "sha512-+ZAmfyWMT7TiIlzdqJgjMb7S4f1beorDbWbsocyK4RaiqA5RTX3K14bnBWmmA9QEM0gRdsjyyrEmcyga8Zsxmw==",
      "dev": true
    },
    "filter-console": {
      "version": "0.1.1",
      "resolved": "https://registry.npmjs.org/filter-console/-/filter-console-0.1.1.tgz",
      "integrity": "sha512-zrXoV1Uaz52DqPs+qEwNJWJFAWZpYJ47UNmpN9q4j+/EYsz85uV0DC9k8tRND5kYmoVzL0W+Y75q4Rg8sRJCdg==",
      "dev": true
    },
    "react-error-boundary": {
      "version": "3.1.0",
      "resolved": "https://registry.npmjs.org/react-error-boundary/-/react-error-boundary-3.1.0.tgz",
      "integrity": "sha512-lmPrdi5SLRJR+AeJkqdkGlW/CRkAUvZnETahK58J4xb5wpbfDngasEGu+w0T1iXEhVrYBJZeW+c4V1hILCnMWQ==",
      "dev": true,
      "requires": {
        "@babel/runtime": "^7.12.5"
      }
    },
    "regenerator-runtime": {
      "version": "0.13.7",
      "resolved": "https://registry.npmjs.org/regenerator-runtime/-/regenerator-runtime-0.13.7.tgz",
      "integrity": "sha512-a54FxoJDIr27pgf7IgeQGxmqUNYrcV338lf/6gH456HZ/PhX+5BcwHXG9ajESmwe6WRO0tAzRUrRmNONWgkrew==",
      "dev": true
    }
  }
}
